
Microsoft Visual Studio Solution File, Format Version 12.00
# Visual Studio Version 17
VisualStudioVersion = 17.8.34205.153
MinimumVisualStudioVersion = 10.0.40219.1
Project("{FAE04EC0-301F-11D3-BF4B-00C04F79EFBC}") = "Skymey-stock-polygon-tickerlist", "Skymey-stock-polygon-tickerlist\Skymey-stock-polygon-tickerlist.csproj", "{1197AA45-C70A-45B2-8D54-9565C2F0BCD6}"
EndProject
Global
	GlobalSection(SolutionConfigurationPlatforms) = preSolution
		Debug|Any CPU = Debug|Any CPU
		Release|Any CPU = Release|Any CPU
	EndGlobalSection
	GlobalSection(ProjectConfigurationPlatforms) = postSolution
		{1197AA45-C70A-45B2-8D54-9565C2F0BCD6}.Debug|Any CPU.ActiveCfg = Debug|Any CPU
		{1197AA45-C70A-45B2-8D54-9565C2F0BCD6}.Debug|Any CPU.Build.0 = Debug|Any CPU
		{1197AA45-C70A-45B2-8D54-9565C2F0BCD6}.Release|Any CPU.ActiveCfg = Release|Any CPU
		{1197AA45-C70A-45B2-8D54-9565C2F0BCD6}.Release|Any CPU.Build.0 = Release|Any CPU
	EndGlobalSection
	GlobalSection(SolutionProperties) = preSolution
		HideSolutionNode = FALSE
	EndGlobalSection
	GlobalSection(ExtensibilityGlobals) = postSolution
		SolutionGuid = {778B5B55-5647-44ED-885D-D8EEF7C25735}
	EndGlobalSection
EndGlobal
